
Microsoft Visual Studio Solution File, Format Version 12.00
# Visual Studio Version 16
VisualStudioVersion = 16.0.30225.117
MinimumVisualStudioVersion = 10.0.40219.1
Project("{FAE04EC0-301F-11D3-BF4B-00C04F79EFBC}") = "StoreTekPrototype", "StoreTekPrototype.csproj", "{CBECCE12-B9C4-44EA-89D9-A80F0A4C399F}"
EndProject
Global
	GlobalSection(SolutionConfigurationPlatforms) = preSolution
		Debug|Any CPU = Debug|Any CPU
		Release|Any CPU = Release|Any CPU
	EndGlobalSection
	GlobalSection(ProjectConfigurationPlatforms) = postSolution
		{CBECCE12-B9C4-44EA-89D9-A80F0A4C399F}.Debug|Any CPU.ActiveCfg = Debug|Any CPU
		{CBECCE12-B9C4-44EA-89D9-A80F0A4C399F}.Debug|Any CPU.Build.0 = Debug|Any CPU
		{CBECCE12-B9C4-44EA-89D9-A80F0A4C399F}.Release|Any CPU.ActiveCfg = Release|Any CPU
		{CBECCE12-B9C4-44EA-89D9-A80F0A4C399F}.Release|Any CPU.Build.0 = Release|Any CPU
	EndGlobalSection
	GlobalSection(SolutionProperties) = preSolution
		HideSolutionNode = FALSE
	EndGlobalSection
	GlobalSection(ExtensibilityGlobals) = postSolution
		SolutionGuid = {F1885CE8-7BA1-458F-AD3B-FFB8986F3E32}
	EndGlobalSection
EndGlobal
